
Microsoft Visual Studio Solution File, Format Version 12.00
# Visual Studio Version 17
VisualStudioVersion = 17.13.35818.85
MinimumVisualStudioVersion = 10.0.40219.1
Project("{2150E333-8FDC-42A3-9474-1A3956D46DE8}") = "Services", "Services", "{02EA681E-C7D8-13C7-8484-4AC65E1B71E8}"
EndProject
Project("{2150E333-8FDC-42A3-9474-1A3956D46DE8}") = "Catalog", "Catalog", "{8B3BCAD5-FA42-4283-8642-2ED4D22B6C35}"
EndProject
Project("{FAE04EC0-301F-11D3-BF4B-00C04F79EFBC}") = "Catalog.API", "Services\Catalog\Catalog.API\Catalog.API.csproj", "{0453AF2A-C35A-4547-A1E6-69A79DE5C790}"
EndProject
Project("{2150E333-8FDC-42A3-9474-1A3956D46DE8}") = "BuildingBlocks", "BuildingBlocks", "{F81EFC34-B555-4CE5-BD07-700BFD276FB3}"
EndProject
Project("{FAE04EC0-301F-11D3-BF4B-00C04F79EFBC}") = "BuildingBlocks", "BuildingBlocks\BuildingBlocks\BuildingBlocks.csproj", "{F8F1DA33-E1E5-4111-985C-CB931735C4B6}"
EndProject
Project("{E53339B2-1760-4266-BCC7-CA923CBCF16C}") = "docker-compose", "docker-compose.dcproj", "{81DDED9D-158B-E303-5F62-77A2896D2A5A}"
EndProject
Project("{2150E333-8FDC-42A3-9474-1A3956D46DE8}") = "Basket", "Basket", "{0BCE8646-A733-4360-A5C2-FB1CC6032CE9}"
EndProject
Project("{FAE04EC0-301F-11D3-BF4B-00C04F79EFBC}") = "Basket.API", "Services\Basket\Basket.API\Basket.API.csproj", "{3396CB6D-C986-43F4-90C2-530F9D8B43EA}"
EndProject
Project("{2150E333-8FDC-42A3-9474-1A3956D46DE8}") = "Discount", "Discount", "{FB6CAC10-9837-44F3-9213-24B800DAEDD5}"
EndProject
Project("{FAE04EC0-301F-11D3-BF4B-00C04F79EFBC}") = "Discount.Grpc", "Services\Discount\Discount.Grpc\Discount.Grpc.csproj", "{D9FE78D2-80B6-4BB9-96C1-3CD6456267F5}"
EndProject
Project("{2150E333-8FDC-42A3-9474-1A3956D46DE8}") = "Ordering", "Ordering", "{D4CBC276-73EE-421A-ABCD-932524DDBC65}"
EndProject
Project("{FAE04EC0-301F-11D3-BF4B-00C04F79EFBC}") = "Ordering.API", "Services\Ordering\Ordering.API\Ordering.API.csproj", "{4FCAF932-FC7C-4EE8-84B6-1579044816A8}"
EndProject
Global
	GlobalSection(SolutionConfigurationPlatforms) = preSolution
		Debug|Any CPU = Debug|Any CPU
		Release|Any CPU = Release|Any CPU
	EndGlobalSection
	GlobalSection(ProjectConfigurationPlatforms) = postSolution
		{0453AF2A-C35A-4547-A1E6-69A79DE5C790}.Debug|Any CPU.ActiveCfg = Debug|Any CPU
		{0453AF2A-C35A-4547-A1E6-69A79DE5C790}.Debug|Any CPU.Build.0 = Debug|Any CPU
		{0453AF2A-C35A-4547-A1E6-69A79DE5C790}.Release|Any CPU.ActiveCfg = Release|Any CPU
		{0453AF2A-C35A-4547-A1E6-69A79DE5C790}.Release|Any CPU.Build.0 = Release|Any CPU
		{F8F1DA33-E1E5-4111-985C-CB931735C4B6}.Debug|Any CPU.ActiveCfg = Debug|Any CPU
		{F8F1DA33-E1E5-4111-985C-CB931735C4B6}.Debug|Any CPU.Build.0 = Debug|Any CPU
		{F8F1DA33-E1E5-4111-985C-CB931735C4B6}.Release|Any CPU.ActiveCfg = Release|Any CPU
		{F8F1DA33-E1E5-4111-985C-CB931735C4B6}.Release|Any CPU.Build.0 = Release|Any CPU
		{81DDED9D-158B-E303-5F62-77A2896D2A5A}.Debug|Any CPU.ActiveCfg = Debug|Any CPU
		{81DDED9D-158B-E303-5F62-77A2896D2A5A}.Debug|Any CPU.Build.0 = Debug|Any CPU
		{81DDED9D-158B-E303-5F62-77A2896D2A5A}.Release|Any CPU.ActiveCfg = Release|Any CPU
		{81DDED9D-158B-E303-5F62-77A2896D2A5A}.Release|Any CPU.Build.0 = Release|Any CPU
		{3396CB6D-C986-43F4-90C2-530F9D8B43EA}.Debug|Any CPU.ActiveCfg = Debug|Any CPU
		{3396CB6D-C986-43F4-90C2-530F9D8B43EA}.Debug|Any CPU.Build.0 = Debug|Any CPU
		{3396CB6D-C986-43F4-90C2-530F9D8B43EA}.Release|Any CPU.ActiveCfg = Release|Any CPU
		{3396CB6D-C986-43F4-90C2-530F9D8B43EA}.Release|Any CPU.Build.0 = Release|Any CPU
		{D9FE78D2-80B6-4BB9-96C1-3CD6456267F5}.Debug|Any CPU.ActiveCfg = Debug|Any CPU
		{D9FE78D2-80B6-4BB9-96C1-3CD6456267F5}.Debug|Any CPU.Build.0 = Debug|Any CPU
		{D9FE78D2-80B6-4BB9-96C1-3CD6456267F5}.Release|Any CPU.ActiveCfg = Release|Any CPU
		{D9FE78D2-80B6-4BB9-96C1-3CD6456267F5}.Release|Any CPU.Build.0 = Release|Any CPU
		{4FCAF932-FC7C-4EE8-84B6-1579044816A8}.Debug|Any CPU.ActiveCfg = Debug|Any CPU
		{4FCAF932-FC7C-4EE8-84B6-1579044816A8}.Debug|Any CPU.Build.0 = Debug|Any CPU
		{4FCAF932-FC7C-4EE8-84B6-1579044816A8}.Release|Any CPU.ActiveCfg = Release|Any CPU
		{4FCAF932-FC7C-4EE8-84B6-1579044816A8}.Release|Any CPU.Build.0 = Release|Any CPU
	EndGlobalSection
	GlobalSection(SolutionProperties) = preSolution
		HideSolutionNode = FALSE
	EndGlobalSection
	GlobalSection(NestedProjects) = preSolution
		{8B3BCAD5-FA42-4283-8642-2ED4D22B6C35} = {02EA681E-C7D8-13C7-8484-4AC65E1B71E8}
		{0453AF2A-C35A-4547-A1E6-69A79DE5C790} = {8B3BCAD5-FA42-4283-8642-2ED4D22B6C35}
		{F8F1DA33-E1E5-4111-985C-CB931735C4B6} = {F81EFC34-B555-4CE5-BD07-700BFD276FB3}
		{0BCE8646-A733-4360-A5C2-FB1CC6032CE9} = {02EA681E-C7D8-13C7-8484-4AC65E1B71E8}
		{3396CB6D-C986-43F4-90C2-530F9D8B43EA} = {0BCE8646-A733-4360-A5C2-FB1CC6032CE9}
		{FB6CAC10-9837-44F3-9213-24B800DAEDD5} = {02EA681E-C7D8-13C7-8484-4AC65E1B71E8}
		{D9FE78D2-80B6-4BB9-96C1-3CD6456267F5} = {FB6CAC10-9837-44F3-9213-24B800DAEDD5}
		{D4CBC276-73EE-421A-ABCD-932524DDBC65} = {02EA681E-C7D8-13C7-8484-4AC65E1B71E8}
		{4FCAF932-FC7C-4EE8-84B6-1579044816A8} = {D4CBC276-73EE-421A-ABCD-932524DDBC65}
	EndGlobalSection
	GlobalSection(ExtensibilityGlobals) = postSolution
		SolutionGuid = {C76BEC06-6C2D-4137-BE7D-35AFD21F566F}
	EndGlobalSection
EndGlobal
